Microsoft Visual Studio Solution File, Format Version 12.00
# Visual Studio Version 17
VisualStudioVersion = 17.5.2.0
MinimumVisualStudioVersion = 10.0.40219.1
Project("{FAE04EC0-301F-11D3-BF4B-00C04F79EFBC}") = "Azure Maps MCP", "Azure Maps MCP.csproj", "{36A96AF0-A09B-99ED-5670-E93CB653EB50}"
EndProject
Global
	GlobalSection(SolutionConfigurationPlatforms) = preSolution
		Debug|Any CPU = Debug|Any CPU
		Release|Any CPU = Release|Any CPU
	EndGlobalSection
	GlobalSection(ProjectConfigurationPlatforms) = postSolution
		{36A96AF0-A09B-99ED-5670-E93CB653EB50}.Debug|Any CPU.ActiveCfg = Debug|Any CPU
		{36A96AF0-A09B-99ED-5670-E93CB653EB50}.Debug|Any CPU.Build.0 = Debug|Any CPU
		{36A96AF0-A09B-99ED-5670-E93CB653EB50}.Release|Any CPU.ActiveCfg = Release|Any CPU
		{36A96AF0-A09B-99ED-5670-E93CB653EB50}.Release|Any CPU.Build.0 = Release|Any CPU
	EndGlobalSection
	GlobalSection(SolutionProperties) = preSolution
		HideSolutionNode = FALSE
	EndGlobalSection
	GlobalSection(ExtensibilityGlobals) = postSolution
		SolutionGuid = {3F675906-EB19-4466-ACD4-CFFD687E4C1B}
	EndGlobalSection
EndGlobal
